
Microsoft Visual Studio Solution File, Format Version 12.00
# Visual Studio Version 17
VisualStudioVersion = 17.5.2.0
MinimumVisualStudioVersion = 10.0.40219.1
Project("{FAE04EC0-301F-11D3-BF4B-00C04F79EFBC}") = "LoadingSpinnerControl", "LoadingSpinnerControl\LoadingSpinnerControl.csproj", "{D27343D5-2BFD-0D4E-5AE0-CDD537C0E1D8}"
EndProject
Project("{FAE04EC0-301F-11D3-BF4B-00C04F79EFBC}") = "Implementation", "Implementation\Implementation.csproj", "{0C785C7F-4698-469B-AD58-B494A5A9612C}"
EndProject
Global
	GlobalSection(SolutionConfigurationPlatforms) = preSolution
		Debug|Any CPU = Debug|Any CPU
		Debug|x64 = Debug|x64
		Debug|x86 = Debug|x86
		Release|Any CPU = Release|Any CPU
		Release|x64 = Release|x64
		Release|x86 = Release|x86
	EndGlobalSection
	GlobalSection(ProjectConfigurationPlatforms) = postSolution
		{D27343D5-2BFD-0D4E-5AE0-CDD537C0E1D8}.Debug|Any CPU.ActiveCfg = Debug|Any CPU
		{D27343D5-2BFD-0D4E-5AE0-CDD537C0E1D8}.Debug|Any CPU.Build.0 = Debug|Any CPU
		{D27343D5-2BFD-0D4E-5AE0-CDD537C0E1D8}.Debug|x64.ActiveCfg = Debug|Any CPU
		{D27343D5-2BFD-0D4E-5AE0-CDD537C0E1D8}.Debug|x64.Build.0 = Debug|Any CPU
		{D27343D5-2BFD-0D4E-5AE0-CDD537C0E1D8}.Debug|x86.ActiveCfg = Debug|Any CPU
		{D27343D5-2BFD-0D4E-5AE0-CDD537C0E1D8}.Debug|x86.Build.0 = Debug|Any CPU
		{D27343D5-2BFD-0D4E-5AE0-CDD537C0E1D8}.Release|Any CPU.ActiveCfg = Release|Any CPU
		{D27343D5-2BFD-0D4E-5AE0-CDD537C0E1D8}.Release|Any CPU.Build.0 = Release|Any CPU
		{D27343D5-2BFD-0D4E-5AE0-CDD537C0E1D8}.Release|x64.ActiveCfg = Release|Any CPU
		{D27343D5-2BFD-0D4E-5AE0-CDD537C0E1D8}.Release|x64.Build.0 = Release|Any CPU
		{D27343D5-2BFD-0D4E-5AE0-CDD537C0E1D8}.Release|x86.ActiveCfg = Release|Any CPU
		{D27343D5-2BFD-0D4E-5AE0-CDD537C0E1D8}.Release|x86.Build.0 = Release|Any CPU
		{0C785C7F-4698-469B-AD58-B494A5A9612C}.Debug|Any CPU.ActiveCfg = Debug|Any CPU
		{0C785C7F-4698-469B-AD58-B494A5A9612C}.Debug|Any CPU.Build.0 = Debug|Any CPU
		{0C785C7F-4698-469B-AD58-B494A5A9612C}.Debug|x64.ActiveCfg = Debug|Any CPU
		{0C785C7F-4698-469B-AD58-B494A5A9612C}.Debug|x64.Build.0 = Debug|Any CPU
		{0C785C7F-4698-469B-AD58-B494A5A9612C}.Debug|x86.ActiveCfg = Debug|Any CPU
		{0C785C7F-4698-469B-AD58-B494A5A9612C}.Debug|x86.Build.0 = Debug|Any CPU
		{0C785C7F-4698-469B-AD58-B494A5A9612C}.Release|Any CPU.ActiveCfg = Release|Any CPU
		{0C785C7F-4698-469B-AD58-B494A5A9612C}.Release|Any CPU.Build.0 = Release|Any CPU
		{0C785C7F-4698-469B-AD58-B494A5A9612C}.Release|x64.ActiveCfg = Release|Any CPU
		{0C785C7F-4698-469B-AD58-B494A5A9612C}.Release|x64.Build.0 = Release|Any CPU
		{0C785C7F-4698-469B-AD58-B494A5A9612C}.Release|x86.ActiveCfg = Release|Any CPU
		{0C785C7F-4698-469B-AD58-B494A5A9612C}.Release|x86.Build.0 = Release|Any CPU
	EndGlobalSection
	GlobalSection(SolutionProperties) = preSolution
		HideSolutionNode = FALSE
	EndGlobalSection
	GlobalSection(ExtensibilityGlobals) = postSolution
		SolutionGuid = {DC2FFFF7-D420-499C-AE6F-D96B19CA2600}
	EndGlobalSection
EndGlobal
