
Microsoft Visual Studio Solution File, Format Version 12.00
# Visual Studio Version 17
VisualStudioVersion = 17.5.2.0
MinimumVisualStudioVersion = 10.0.40219.1
Project("{FAE04EC0-301F-11D3-BF4B-00C04F79EFBC}") = "DropdownMenuControl", "DropdownMenuControl\DropdownMenuControl.csproj", "{0CC727EB-9A3E-4A81-8055-6ED44C5ED243}"
EndProject
Project("{FAE04EC0-301F-11D3-BF4B-00C04F79EFBC}") = "Implementation", "Implementation\Implementation.csproj", "{B042B06C-091A-4874-9F6D-326BA25D39C7}"
EndProject
Global
	GlobalSection(SolutionConfigurationPlatforms) = preSolution
		Debug|Any CPU = Debug|Any CPU
		Debug|x64 = Debug|x64
		Debug|x86 = Debug|x86
		Release|Any CPU = Release|Any CPU
		Release|x64 = Release|x64
		Release|x86 = Release|x86
	EndGlobalSection
	GlobalSection(ProjectConfigurationPlatforms) = postSolution
		{0CC727EB-9A3E-4A81-8055-6ED44C5ED243}.Debug|Any CPU.ActiveCfg = Debug|Any CPU
		{0CC727EB-9A3E-4A81-8055-6ED44C5ED243}.Debug|Any CPU.Build.0 = Debug|Any CPU
		{0CC727EB-9A3E-4A81-8055-6ED44C5ED243}.Debug|x64.ActiveCfg = Debug|Any CPU
		{0CC727EB-9A3E-4A81-8055-6ED44C5ED243}.Debug|x64.Build.0 = Debug|Any CPU
		{0CC727EB-9A3E-4A81-8055-6ED44C5ED243}.Debug|x86.ActiveCfg = Debug|Any CPU
		{0CC727EB-9A3E-4A81-8055-6ED44C5ED243}.Debug|x86.Build.0 = Debug|Any CPU
		{0CC727EB-9A3E-4A81-8055-6ED44C5ED243}.Release|Any CPU.ActiveCfg = Release|Any CPU
		{0CC727EB-9A3E-4A81-8055-6ED44C5ED243}.Release|Any CPU.Build.0 = Release|Any CPU
		{0CC727EB-9A3E-4A81-8055-6ED44C5ED243}.Release|x64.ActiveCfg = Release|Any CPU
		{0CC727EB-9A3E-4A81-8055-6ED44C5ED243}.Release|x64.Build.0 = Release|Any CPU
		{0CC727EB-9A3E-4A81-8055-6ED44C5ED243}.Release|x86.ActiveCfg = Release|Any CPU
		{0CC727EB-9A3E-4A81-8055-6ED44C5ED243}.Release|x86.Build.0 = Release|Any CPU
		{B042B06C-091A-4874-9F6D-326BA25D39C7}.Debug|Any CPU.ActiveCfg = Debug|Any CPU
		{B042B06C-091A-4874-9F6D-326BA25D39C7}.Debug|Any CPU.Build.0 = Debug|Any CPU
		{B042B06C-091A-4874-9F6D-326BA25D39C7}.Debug|x64.ActiveCfg = Debug|Any CPU
		{B042B06C-091A-4874-9F6D-326BA25D39C7}.Debug|x64.Build.0 = Debug|Any CPU
		{B042B06C-091A-4874-9F6D-326BA25D39C7}.Debug|x86.ActiveCfg = Debug|Any CPU
		{B042B06C-091A-4874-9F6D-326BA25D39C7}.Debug|x86.Build.0 = Debug|Any CPU
		{B042B06C-091A-4874-9F6D-326BA25D39C7}.Release|Any CPU.ActiveCfg = Release|Any CPU
		{B042B06C-091A-4874-9F6D-326BA25D39C7}.Release|Any CPU.Build.0 = Release|Any CPU
		{B042B06C-091A-4874-9F6D-326BA25D39C7}.Release|x64.ActiveCfg = Release|Any CPU
		{B042B06C-091A-4874-9F6D-326BA25D39C7}.Release|x64.Build.0 = Release|Any CPU
		{B042B06C-091A-4874-9F6D-326BA25D39C7}.Release|x86.ActiveCfg = Release|Any CPU
		{B042B06C-091A-4874-9F6D-326BA25D39C7}.Release|x86.Build.0 = Release|Any CPU
	EndGlobalSection
	GlobalSection(SolutionProperties) = preSolution
		HideSolutionNode = FALSE
	EndGlobalSection
	GlobalSection(ExtensibilityGlobals) = postSolution
		SolutionGuid = {4FDCD538-AA62-49E0-A290-F9712C533280}
	EndGlobalSection
EndGlobal
