Microsoft Visual Studio Solution File, Format Version 12.00
# Visual Studio Version 17
VisualStudioVersion = 17.5.2.0
MinimumVisualStudioVersion = 10.0.40219.1
Project("{FAE04EC0-301F-11D3-BF4B-00C04F79EFBC}") = "HoldSubmitButtonControl", "HoldSubmitButtonControl\HoldSubmitButtonControl.csproj", "{F734809B-D712-DED6-B6CC-496519635ECD}"
EndProject
Project("{FAE04EC0-301F-11D3-BF4B-00C04F79EFBC}") = "Implementation", "Implementation\Implementation.csproj", "{3B9A393E-C20B-463B-5265-AB68460542F6}"
EndProject
Global
	GlobalSection(SolutionConfigurationPlatforms) = preSolution
		Debug|Any CPU = Debug|Any CPU
		Release|Any CPU = Release|Any CPU
	EndGlobalSection
	GlobalSection(ProjectConfigurationPlatforms) = postSolution
		{F734809B-D712-DED6-B6CC-496519635ECD}.Debug|Any CPU.ActiveCfg = Debug|Any CPU
		{F734809B-D712-DED6-B6CC-496519635ECD}.Debug|Any CPU.Build.0 = Debug|Any CPU
		{F734809B-D712-DED6-B6CC-496519635ECD}.Release|Any CPU.ActiveCfg = Release|Any CPU
		{F734809B-D712-DED6-B6CC-496519635ECD}.Release|Any CPU.Build.0 = Release|Any CPU
		{3B9A393E-C20B-463B-5265-AB68460542F6}.Debug|Any CPU.ActiveCfg = Debug|Any CPU
		{3B9A393E-C20B-463B-5265-AB68460542F6}.Debug|Any CPU.Build.0 = Debug|Any CPU
		{3B9A393E-C20B-463B-5265-AB68460542F6}.Release|Any CPU.ActiveCfg = Release|Any CPU
		{3B9A393E-C20B-463B-5265-AB68460542F6}.Release|Any CPU.Build.0 = Release|Any CPU
	EndGlobalSection
	GlobalSection(SolutionProperties) = preSolution
		HideSolutionNode = FALSE
	EndGlobalSection
	GlobalSection(ExtensibilityGlobals) = postSolution
		SolutionGuid = {3B03C1D0-F3F1-4026-9AA4-4B50A5AF37C7}
	EndGlobalSection
EndGlobal
